{
  "name": "@icedesign/ice-koa-template",
  "version": "1.0.0",
  "lockfileVersion": 1,
  "requires": true,
  "dependencies": {
    "@babel/runtime": {
      "version": "7.8.4",
      "resolved": "https://registry.npmjs.org/@babel/runtime/-/runtime-7.8.4.tgz",
      "integrity": "sha512-neAp3zt80trRVBI1x0azq6c57aNBqYZH8KhMm3TaB7wEI5Q4A2SHfBHE8w9gOhI/lrqxtEbXZgQIrHP+wvSGwQ==",
      "requires": {
        "regenerator-runtime": "^0.13.2"
      },
      "dependencies": {
        "regenerator-runtime": {
          "version": "0.13.3",
          "resolved": "https://registry.npmjs.org/regenerator-runtime/-/regenerator-runtime-0.13.3.tgz",
          "integrity": "sha512-naKIZz2GQ8JWh///G7L3X6LaQUAMp2lvb1rvwwsURe/VXwD6VMfr+/1NuNw3ag8v2kY1aQ/go5SNn79O9JU7yw=="
        }
      }
    },
    "@babel/runtime-corejs2": {
      "version": "7.8.4",
      "resolved": "https://registry.npmjs.org/@babel/runtime-corejs2/-/runtime-corejs2-7.8.4.tgz",
      "integrity": "sha512-7jU2FgNqNHX6yTuU/Dr/vH5/O8eVL9U85MG5aDw1LzGfCvvhXC1shdXfVzCQDsoY967yrAKeLujRv7l8BU+dZA==",
      "requires": {
        "core-js": "^2.6.5",
        "regenerator-runtime": "^0.13.2"
      },
      "dependencies": {
        "regenerator-runtime": {
          "version": "0.13.3",
          "resolved": "https://registry.npmjs.org/regenerator-runtime/-/regenerator-runtime-0.13.3.tgz",
          "integrity": "sha512-naKIZz2GQ8JWh///G7L3X6LaQUAMp2lvb1rvwwsURe/VXwD6VMfr+/1NuNw3ag8v2kY1aQ/go5SNn79O9JU7yw=="
        }
      }
    },
    "babel-runtime": {
      "version": "6.26.0",
      "resolved": "https://registry.npmjs.org/babel-runtime/-/babel-runtime-6.26.0.tgz",
      "integrity": "sha1-llxwWGaOgrVde/4E/yM3vItWR/4=",
      "requires": {
        "core-js": "^2.4.0",
        "regenerator-runtime": "^0.11.0"
      }
    },
    "build-plugin-ice-auth": {
      "version": "1.5.0",
      "resolved": "https://registry.npmjs.org/build-plugin-ice-auth/-/build-plugin-ice-auth-1.5.0.tgz",
      "integrity": "sha512-x1zuUeNip3XSmLbas8U286Tdo9i95LFqPMXmZRJyu1kOiV4mDwjdGypROJZ9DQUAyDWboq6SPJut140puENKYQ==",
      "dev": true,
      "requires": {
        "fs-extra": "^8.1.0"
      }
    },
    "chimee": {
      "version": "0.11.0",
      "resolved": "https://registry.npmjs.org/chimee/-/chimee-0.11.0.tgz",
      "integrity": "sha512-QITnKapshtfuGV+x7OmO+tTxn81nyoyTtPd1q2+BbwqLjYzZfhVDGEYRmchInACXtI7DTwfaE6uuPhlSYMXsAQ==",
      "requires": {
        "babel-runtime": "^6.26.0",
        "chimee-helper": "^0.2.11",
        "es-fullscreen": "^0.3.0",
        "toxic-decorators": "^0.3.8"
      }
    },
    "chimee-helper": {
      "version": "0.2.11",
      "resolved": "https://registry.npmjs.org/chimee-helper/-/chimee-helper-0.2.11.tgz",
      "integrity": "sha512-mLA02w9P5wf1qncJGw/GwjHrnGmrAp5OEKeOaNGGR0A9ZZ4sFuBoBO9xXlpAiRcoJXgGdpNrZK28lJ14cn3kfA==",
      "requires": {
        "babel-runtime": "^6.26.0",
        "chimee-helper-dom": "^0.1.8",
        "chimee-helper-events": "^0.1.0",
        "chimee-helper-log": "^0.1.3",
        "chimee-helper-utils": "^0.2.1",
        "toxic-predicate-functions": "^0.1.5",
        "toxic-utils": "^0.2.0",
        "ua-parser-js": "^0.7.17"
      }
    },
    "chimee-helper-dom": {
      "version": "0.1.8",
      "resolved": "https://registry.npmjs.org/chimee-helper-dom/-/chimee-helper-dom-0.1.8.tgz",
      "integrity": "sha512-V6yVko4Iy7cWZvQ1FmsFMeo4qriz0oYHfgKQqFW6XpykIYS+bxzjJ/9MbXoDUlfqE469KJQf9mq6qvONwn8IxQ==",
      "requires": {
        "babel-runtime": "^6.26.0",
        "chimee-helper-events": "^0.1.0",
        "chimee-helper-utils": "^0.2.0",
        "toxic-predicate-functions": "^0.1.5"
      }
    },
    "chimee-helper-events": {
      "version": "0.1.0",
      "resolved": "https://registry.npmjs.org/chimee-helper-events/-/chimee-helper-events-0.1.0.tgz",
      "integrity": "sha512-sdR2f0+QiT032BTcG/BS2IDY9/hxlv8dSenjwAXuiTzEsnTRRT6oC0tKXL3EdlhQgU35hULCBuEHEQetMCtIxw==",
      "requires": {
        "babel-runtime": "^6.23.0",
        "toxic-predicate-functions": "^0.1.2"
      }
    },
    "chimee-helper-log": {
      "version": "0.1.3",
      "resolved": "https://registry.npmjs.org/chimee-helper-log/-/chimee-helper-log-0.1.3.tgz",
      "integrity": "sha512-CCaQf3IyFOU7k4a50emdBzhn/aJ5TbTNtf7E0VIHRRMP/3zmK+xNkadu9LB9fXM7z/aNmWrjPgeqxbHIN+2XPA==",
      "requires": {
        "babel-runtime": "^6.23.0",
        "toxic-predicate-functions": "^0.1.2"
      }
    },
    "chimee-helper-utils": {
      "version": "0.2.1",
      "resolved": "https://registry.npmjs.org/chimee-helper-utils/-/chimee-helper-utils-0.2.1.tgz",
      "integrity": "sha512-8h2ISQMC3qb9SiRdxgPerThwPjMK9hyLYWCININNbj6DYy/bwC7jkMsaWsXh4QIMw1czuWVNt8w28m2SJoNKyg==",
      "requires": {
        "babel-runtime": "^6.23.0",
        "toxic-predicate-functions": "^0.1.2"
      }
    },
    "chimee-kernel-flv": {
      "version": "1.4.10",
      "resolved": "https://registry.npmjs.org/chimee-kernel-flv/-/chimee-kernel-flv-1.4.10.tgz",
      "integrity": "sha512-LjZLXzBtVCnVaSSFpJAV17LvXTbd+JwGv1fsDXJrizmTyi4W38pMoXLAZsevt/VGmiScZ8YskGQqWV7oEPcSSQ==",
      "requires": {
        "babel-runtime": "^6.23.0"
      }
    },
    "chimee-kernel-hls": {
      "version": "1.3.2",
      "resolved": "https://registry.npmjs.org/chimee-kernel-hls/-/chimee-kernel-hls-1.3.2.tgz",
      "integrity": "sha512-Johqdbaak4VJWuIP0NPYJTLHniy0sp/p77DDyotSt1o3yudoe5nYxOJt8EjYl2DLX/cvHvBmD+dNQhYk/Xkcqg==",
      "requires": {
        "babel-runtime": "^6.26.0",
        "chimee-helper": "^0.2.11",
        "hls.js": "^0.9.1",
        "toxic-decorators": "^0.3.8"
      }
    },
    "chimee-player": {
      "version": "1.4.8",
      "resolved": "https://registry.npmjs.org/chimee-player/-/chimee-player-1.4.8.tgz",
      "integrity": "sha512-ehjMBOU3Fy36KqXDo8/nJbyBr8DyNV4zQvQlvYmr1eujoG0HZ7dMJ31uwwrCJrFN+xgZcdTLmLewJYNRMT53HQ==",
      "requires": {
        "chimee": "^0.11.0",
        "chimee-helper": "^0.2.11",
        "chimee-kernel-flv": "^1.4.10",
        "chimee-kernel-hls": "^1.3.2",
        "chimee-plugin-center-state": "0.0.12",
        "chimee-plugin-contextmenu": "^0.1.2",
        "chimee-plugin-controlbar": "^0.5.0",
        "chimee-plugin-log": "0.0.4",
        "chimee-plugin-popup": "0.0.7"
      }
    },
    "chimee-plugin-center-state": {
      "version": "0.0.12",
      "resolved": "https://registry.npmjs.org/chimee-plugin-center-state/-/chimee-plugin-center-state-0.0.12.tgz",
      "integrity": "sha512-YuO+quq5KguODR8ngEL+E5wyFlSujYuWdeQn0L/6PbwLB1Nbo7RryClDyYssip0vpCaja4FvMPqEN+AGBhoQRA==",
      "requires": {
        "chimee-helper": "git+https://github.com/Chimeejs/chimee-helper.git#73856ff8754e82c315a796e1b92eccc76780c352",
        "chimee-plugin-popup": "0.0.7"
      },
      "dependencies": {
        "chimee-helper": {
          "version": "git+https://github.com/Chimeejs/chimee-helper.git#73856ff8754e82c315a796e1b92eccc76780c352",
          "from": "git+https://github.com/Chimeejs/chimee-helper.git#73856ff8754e82c315a796e1b92eccc76780c352",
          "requires": {
            "babel-runtime": "^6.26.0",
            "chimee-helper-dom": "^0.1.8",
            "chimee-helper-events": "^0.1.0",
            "chimee-helper-log": "^0.1.3",
            "chimee-helper-utils": "^0.2.1",
            "toxic-predicate-functions": "^0.2.3",
            "toxic-utils": "^0.3.0",
            "ua-parser-js": "^0.7.18"
          }
        },
        "toxic-predicate-functions": {
          "version": "0.2.5",
          "resolved": "https://registry.npmjs.org/toxic-predicate-functions/-/toxic-predicate-functions-0.2.5.tgz",
          "integrity": "sha512-+n1mK8dtW/vezk0ppziN/zSZUNhDGh2EsTajbL30rKTofpwRQrMkMdrWmJ4rzMTRDpFsqT+PXrJKlvV39TVOkw==",
          "requires": {
            "@babel/runtime": "^7.4.3",
            "lodash": "^4.17.11"
          }
        },
        "toxic-utils": {
          "version": "0.3.1",
          "resolved": "https://registry.npmjs.org/toxic-utils/-/toxic-utils-0.3.1.tgz",
          "integrity": "sha512-CKUVFFh8Zp8cmIAUrqWy9aXU2Tk1d4THH8+c49AmCTAbSQPIb0RD0xmoxqj7/r8/hIocS/A8uwVWI/BUn0iCmw==",
          "requires": {
            "@babel/runtime-corejs2": "^7.4.3",
            "lodash": "^4.17.11"
          }
        }
      }
    },
    "chimee-plugin-contextmenu": {
      "version": "0.1.2",
      "resolved": "https://registry.npmjs.org/chimee-plugin-contextmenu/-/chimee-plugin-contextmenu-0.1.2.tgz",
      "integrity": "sha512-ogx0nhhMw1JR+Hrs62V39YX4JYAVqPoucyFc7gcw+Cn+3QJGR17vd6Y+rOuaEaO8a3algGTlzTqW99c9Qs9M7g==",
      "requires": {
        "babel-runtime": "^6.26.0",
        "chimee-helper": "^0.2.6",
        "chimee-plugin-popup": "0.0.5"
      },
      "dependencies": {
        "chimee-plugin-popup": {
          "version": "0.0.5",
          "resolved": "https://registry.npmjs.org/chimee-plugin-popup/-/chimee-plugin-popup-0.0.5.tgz",
          "integrity": "sha512-/wCzwgINxyFgt+TPvyJGiKpp1rnKRXvnxPWaQboa3gxsB4mPyrMvZqZOC4NZuSt29N/duR28nX7lhUv7MuWVLQ==",
          "requires": {
            "babel-runtime": "^6.26.0",
            "chimee-helper": "^0.2.6"
          }
        }
      }
    },
    "chimee-plugin-controlbar": {
      "version": "0.5.0",
      "resolved": "https://registry.npmjs.org/chimee-plugin-controlbar/-/chimee-plugin-controlbar-0.5.0.tgz",
      "integrity": "sha512-Y8lFHNG4xIV5CqQOLh9mQKuJOaj+EiP4K/EXJra5vGDRssmTJELCTwJ7PX5Lu4oZ/gtOET14R90MfuxDkXwIjA==",
      "requires": {
        "chimee-helper": "git+https://github.com/Chimeejs/chimee-helper.git#73856ff8754e82c315a796e1b92eccc76780c352"
      },
      "dependencies": {
        "chimee-helper": {
          "version": "git+https://github.com/Chimeejs/chimee-helper.git#73856ff8754e82c315a796e1b92eccc76780c352",
          "from": "git+https://github.com/Chimeejs/chimee-helper.git#73856ff8754e82c315a796e1b92eccc76780c352",
          "requires": {
            "babel-runtime": "^6.26.0",
            "chimee-helper-dom": "^0.1.8",
            "chimee-helper-events": "^0.1.0",
            "chimee-helper-log": "^0.1.3",
            "chimee-helper-utils": "^0.2.1",
            "toxic-predicate-functions": "^0.2.3",
            "toxic-utils": "^0.3.0",
            "ua-parser-js": "^0.7.18"
          }
        },
        "toxic-predicate-functions": {
          "version": "0.2.5",
          "resolved": "https://registry.npmjs.org/toxic-predicate-functions/-/toxic-predicate-functions-0.2.5.tgz",
          "integrity": "sha512-+n1mK8dtW/vezk0ppziN/zSZUNhDGh2EsTajbL30rKTofpwRQrMkMdrWmJ4rzMTRDpFsqT+PXrJKlvV39TVOkw==",
          "requires": {
            "@babel/runtime": "^7.4.3",
            "lodash": "^4.17.11"
          }
        },
        "toxic-utils": {
          "version": "0.3.1",
          "resolved": "https://registry.npmjs.org/toxic-utils/-/toxic-utils-0.3.1.tgz",
          "integrity": "sha512-CKUVFFh8Zp8cmIAUrqWy9aXU2Tk1d4THH8+c49AmCTAbSQPIb0RD0xmoxqj7/r8/hIocS/A8uwVWI/BUn0iCmw==",
          "requires": {
            "@babel/runtime-corejs2": "^7.4.3",
            "lodash": "^4.17.11"
          }
        }
      }
    },
    "chimee-plugin-log": {
      "version": "0.0.4",
      "resolved": "https://registry.npmjs.org/chimee-plugin-log/-/chimee-plugin-log-0.0.4.tgz",
      "integrity": "sha512-GJnj21nSBixBhyYfpqTIqWJRGcmRmHpeHvHIVWJLlKnld7JOU3yE4HX1S5y1A0tW20gy41xS64EnsoDtDROS1A==",
      "requires": {
        "babel-runtime": "^6.26.0",
        "chimee-helper": "^0.2.6",
        "chimee-plugin-popup": "0.0.5"
      },
      "dependencies": {
        "chimee-plugin-popup": {
          "version": "0.0.5",
          "resolved": "https://registry.npmjs.org/chimee-plugin-popup/-/chimee-plugin-popup-0.0.5.tgz",
          "integrity": "sha512-/wCzwgINxyFgt+TPvyJGiKpp1rnKRXvnxPWaQboa3gxsB4mPyrMvZqZOC4NZuSt29N/duR28nX7lhUv7MuWVLQ==",
          "requires": {
            "babel-runtime": "^6.26.0",
            "chimee-helper": "^0.2.6"
          }
        }
      }
    },
    "chimee-plugin-popup": {
      "version": "0.0.7",
      "resolved": "https://registry.npmjs.org/chimee-plugin-popup/-/chimee-plugin-popup-0.0.7.tgz",
      "integrity": "sha512-ID602e1wBGXRf+prJvVieNK1JAgowM6txRNLF7I8OEvuh6sJLlj4YwmCOppUl3AovwU3W8/IajbnZQL+YdNswQ==",
      "requires": {
        "babel-runtime": "^6.26.0",
        "chimee-helper": "^0.2.8"
      }
    },
    "core-js": {
      "version": "2.6.11",
      "resolved": "https://registry.npmjs.org/core-js/-/core-js-2.6.11.tgz",
      "integrity": "sha512-5wjnpaT/3dV+XB4borEsnAYQchn00XSgTAWKDkEqv+K8KevjbzmofK6hfJ9TZIlpj2N0xQpazy7PiRQiWHqzWg=="
    },
    "es-fullscreen": {
      "version": "0.3.0",
      "resolved": "https://registry.npmjs.org/es-fullscreen/-/es-fullscreen-0.3.0.tgz",
      "integrity": "sha512-6YscjrBLLTYZvi9SMERz7HYy6ONlbYRVoAilMpeuTazXxzztaFV313u57fECCf4WwSjRGQCEFuYC2F/dsgd5Jg==",
      "requires": {
        "babel-runtime": "^6.26.0",
        "toxic-decorators": "^0.3.8",
        "toxic-predicate-functions": "^0.1.4"
      }
    },
    "fs-extra": {
      "version": "8.1.0",
      "resolved": "https://registry.npmjs.org/fs-extra/-/fs-extra-8.1.0.tgz",
      "integrity": "sha512-yhlQgA6mnOJUKOsRUFsgJdQCvkKhcz8tlZG5HBQfReYZy46OwLcY+Zia0mtdHsOo9y/hP+CxMN0TU9QxoOtG4g==",
      "dev": true,
      "requires": {
        "graceful-fs": "^4.2.0",
        "jsonfile": "^4.0.0",
        "universalify": "^0.1.0"
      }
    },
    "graceful-fs": {
      "version": "4.2.4",
      "resolved": "https://registry.npmjs.org/graceful-fs/-/graceful-fs-4.2.4.tgz",
      "integrity": "sha512-WjKPNJF79dtJAVniUlGGWHYGz2jWxT6VhN/4m1NdkbZ2nOsEF+cI1Edgql5zCRhs/VsQYRvrXctxktVXZUkixw==",
      "dev": true
    },
    "history": {
      "version": "4.10.1",
      "resolved": "https://registry.npmjs.org/history/-/history-4.10.1.tgz",
      "integrity": "sha512-36nwAD620w12kuzPAsyINPWJqlNbij+hpK1k9XRloDtym8mxzGYl2c17LnV6IAGB2Dmg4tEa7G7DlawS0+qjew==",
      "requires": {
        "@babel/runtime": "^7.1.2",
        "loose-envify": "^1.2.0",
        "resolve-pathname": "^3.0.0",
        "tiny-invariant": "^1.0.2",
        "tiny-warning": "^1.0.0",
        "value-equal": "^1.0.1"
      }
    },
    "hls.js": {
      "version": "0.9.1",
      "resolved": "https://registry.npmjs.org/hls.js/-/hls.js-0.9.1.tgz",
      "integrity": "sha512-IklU+BgobPNIc6NMY+pyxElbwWKM7QmP2u0afB7KSK/1btAknTkDJmXasb4628EjgynjgDOVMmQ9sLg73S+lwQ==",
      "requires": {
        "string.prototype.endswith": "^0.2.0",
        "url-toolkit": "^2.1.2"
      }
    },
    "js-tokens": {
      "version": "4.0.0",
      "resolved": "https://registry.npmjs.org/js-tokens/-/js-tokens-4.0.0.tgz",
      "integrity": "sha512-RdJUflcE3cUzKiMqQgsCu06FPu9UdIJO0beYbPhHN4k6apgJtifcoCtT9bcxOpYBtpD2kCM6Sbzg4CausW/PKQ=="
    },
    "jsonfile": {
      "version": "4.0.0",
      "resolved": "https://registry.npmjs.org/jsonfile/-/jsonfile-4.0.0.tgz",
      "integrity": "sha1-h3Gq4HmbZAdrdmQPygWPnBDjPss=",
      "dev": true,
      "requires": {
        "graceful-fs": "^4.1.6"
      }
    },
    "lodash": {
      "version": "4.17.15",
      "resolved": "https://registry.npmjs.org/lodash/-/lodash-4.17.15.tgz",
      "integrity": "sha512-8xOcRHvCjnocdS5cpwXQXVzmmh5e5+saE2QGoeQmbKmRS6J3VQppPOIt0MnmE+4xlZoumy0GPG0D0MVIQbNA1A=="
    },
    "loose-envify": {
      "version": "1.4.0",
      "resolved": "https://registry.npmjs.org/loose-envify/-/loose-envify-1.4.0.tgz",
      "integrity": "sha512-lyuxPGr/Wfhrlem2CL/UcnUc1zcqKAImBDzukY7Y5F/yQiNdko6+fRLevlw1HgMySw7f611UIY408EtxRSoK3Q==",
      "requires": {
        "js-tokens": "^3.0.0 || ^4.0.0"
      }
    },
    "moment": {
      "version": "2.29.2",
      "resolved": "https://registry.npmjs.org/moment/-/moment-2.29.2.tgz",
      "integrity": "sha512-UgzG4rvxYpN15jgCmVJwac49h9ly9NurikMWGPdVxm8GZD6XjkKPxDTjQQ43gtGgnV3X0cAyWDdP2Wexoquifg=="
    },
    "regenerator-runtime": {
      "version": "0.11.1",
      "resolved": "https://registry.npmjs.org/regenerator-runtime/-/regenerator-runtime-0.11.1.tgz",
      "integrity": "sha512-MguG95oij0fC3QV3URf4V2SDYGJhJnJGqvIIgdECeODCT98wSWDAJ94SSuVpYQUoTcGUIL6L4yNB7j1DFFHSBg=="
    },
    "resolve-pathname": {
      "version": "3.0.0",
      "resolved": "https://registry.npmjs.org/resolve-pathname/-/resolve-pathname-3.0.0.tgz",
      "integrity": "sha512-C7rARubxI8bXFNB/hqcp/4iUeIXJhJZvFPFPiSPRnhU5UPxzMFIl+2E6yY6c4k9giDJAhtV+enfA+G89N6Csng=="
    },
    "string.prototype.endswith": {
      "version": "0.2.0",
      "resolved": "https://registry.npmjs.org/string.prototype.endswith/-/string.prototype.endswith-0.2.0.tgz",
      "integrity": "sha1-oZwg3uUamHd+mkfhDwm+OTubunU="
    },
    "tiny-invariant": {
      "version": "1.1.0",
      "resolved": "https://registry.npmjs.org/tiny-invariant/-/tiny-invariant-1.1.0.tgz",
      "integrity": "sha512-ytxQvrb1cPc9WBEI/HSeYYoGD0kWnGEOR8RY6KomWLBVhqz0RgTwVO9dLrGz7dC+nN9llyI7OKAgRq8Vq4ZBSw=="
    },
    "tiny-warning": {
      "version": "1.0.3",
      "resolved": "https://registry.npmjs.org/tiny-warning/-/tiny-warning-1.0.3.tgz",
      "integrity": "sha512-lBN9zLN/oAf68o3zNXYrdCt1kP8WsiGW8Oo2ka41b2IM5JL/S1CTyX1rW0mb/zSuJun0ZUrDxx4sqvYS2FWzPA=="
    },
    "toxic-decorators": {
      "version": "0.3.8",
      "resolved": "https://registry.npmjs.org/toxic-decorators/-/toxic-decorators-0.3.8.tgz",
      "integrity": "sha1-fEvDFWS8QxPVzuhrKHTc7/+ZyOE=",
      "requires": {
        "babel-runtime": "^6.25.0",
        "toxic-predicate-functions": "^0.1.2",
        "toxic-utils": "^0.1.5"
      },
      "dependencies": {
        "toxic-utils": {
          "version": "0.1.6",
          "resolved": "https://registry.npmjs.org/toxic-utils/-/toxic-utils-0.1.6.tgz",
          "integrity": "sha512-Jm6nvMUx7E6rb3Fyw0y4im8wrNI1bsaVpjKLCtisgpDgwyxOWZCTbhzJjAQdu2ccctNopKlPzh2UgMHxCJIlCw==",
          "requires": {
            "babel-runtime": "^6.26.0",
            "toxic-predicate-functions": "^0.1.4"
          }
        }
      }
    },
    "toxic-predicate-functions": {
      "version": "0.1.5",
      "resolved": "https://registry.npmjs.org/toxic-predicate-functions/-/toxic-predicate-functions-0.1.5.tgz",
      "integrity": "sha512-CEXK9vd69LC3VDfqK3Ntb8sPYmfzDXI/4w7FE8uVbufOtGy3vt+h33fKUx21eI/c+F6O6NTcdoeWr91GJWXwNA==",
      "requires": {
        "babel-runtime": "^6.23.0"
      }
    },
    "toxic-utils": {
      "version": "0.2.0",
      "resolved": "https://registry.npmjs.org/toxic-utils/-/toxic-utils-0.2.0.tgz",
      "integrity": "sha512-3AFj4RS6sSTolHcE2dKlihvghxeUKb58r3wltHJYRtz6oRhxgl39TGvqpxeSo2uvbYvK0r8qV9spC932uY+0wg==",
      "requires": {
        "babel-runtime": "^6.26.0",
        "toxic-predicate-functions": "^0.1.4"
      }
    },
    "ua-parser-js": {
      "version": "0.7.21",
      "resolved": "https://registry.npmjs.org/ua-parser-js/-/ua-parser-js-0.7.21.tgz",
      "integrity": "sha512-+O8/qh/Qj8CgC6eYBVBykMrNtp5Gebn4dlGD/kKXVkJNDwyrAwSIqwz8CDf+tsAIWVycKcku6gIXJ0qwx/ZXaQ=="
    },
    "universalify": {
      "version": "0.1.2",
      "resolved": "https://registry.npmjs.org/universalify/-/universalify-0.1.2.tgz",
      "integrity": "sha512-rBJeI5CXAlmy1pV+617WB9J63U6XcazHHF2f2dbJix4XzpUF0RS3Zbj0FGIOCAva5P/d/GBOYaACQ1w+0azUkg==",
      "dev": true
    },
    "url-toolkit": {
      "version": "2.1.6",
      "resolved": "https://registry.npmjs.org/url-toolkit/-/url-toolkit-2.1.6.tgz",
      "integrity": "sha512-UaZ2+50am4HwrV2crR/JAf63Q4VvPYphe63WGeoJxeu8gmOm0qxPt+KsukfakPNrX9aymGNEkkaoICwn+OuvBw=="
    },
    "value-equal": {
      "version": "1.0.1",
      "resolved": "https://registry.npmjs.org/value-equal/-/value-equal-1.0.1.tgz",
      "integrity": "sha512-NOJ6JZCAWr0zlxZt+xqCHNTEKOsrks2HQd4MqhP1qy4z1SkbEP467eNx6TgDKXMvUOb+OENfJCZwM+16n7fRfw=="
    }
  }
}
